
Microsoft Visual Studio Solution File, Format Version 12.00
# Visual Studio Version 17
VisualStudioVersion = 17.0.31903.59
MinimumVisualStudioVersion = 10.0.40219.1
Project("{9A19103F-16F7-4668-BE54-9A1E7A4F7556}") = "ECommerceStore.AppHost", "src\ECommerceStore.AppHost\ECommerceStore.AppHost.csproj", "{A1B2C3D4-E5F6-7890-ABCD-EF1234567890}"
EndProject
Project("{9A19103F-16F7-4668-BE54-9A1E7A4F7556}") = "ECommerceStore.ServiceDefaults", "src\ECommerceStore.ServiceDefaults\ECommerceStore.ServiceDefaults.csproj", "{61B17659-3D32-D64B-F385-53A916489C12}"
EndProject
Project("{9A19103F-16F7-4668-BE54-9A1E7A4F7556}") = "ECommerceStore.Auth.Api", "src\ECommerceStore.Auth.Api\ECommerceStore.Auth.Api.csproj", "{974F5CFA-0DBD-7FA8-3FD2-78690F2F3ABA}"
EndProject
Project("{2150E333-8FDC-42A3-9474-1A3956D46DE8}") = "src", "src", "{827E0CD3-B72D-47B6-A68D-7590B98EB39B}"
EndProject
Project("{2150E333-8FDC-42A3-9474-1A3956D46DE8}") = "tests", "tests", "{0AB3BF05-4346-4AA6-1389-037BE0695223}"
EndProject
Project("{FAE04EC0-301F-11D3-BF4B-00C04F79EFBC}") = "ECommerceStore.ApiGateway", "src\ECommerceStore.ApiGateway\ECommerceStore.ApiGateway.csproj", "{B6C0A322-C404-4F3A-BA9C-7B917BED85C5}"
EndProject
Global
	GlobalSection(SolutionConfigurationPlatforms) = preSolution
		Debug|Any CPU = Debug|Any CPU
		Debug|x64 = Debug|x64
		Debug|x86 = Debug|x86
		Release|Any CPU = Release|Any CPU
		Release|x64 = Release|x64
		Release|x86 = Release|x86
	EndGlobalSection
	GlobalSection(ProjectConfigurationPlatforms) = postSolution
		{A1B2C3D4-E5F6-7890-ABCD-EF1234567890}.Debug|Any CPU.ActiveCfg = Debug|Any CPU
		{A1B2C3D4-E5F6-7890-ABCD-EF1234567890}.Debug|Any CPU.Build.0 = Debug|Any CPU
		{A1B2C3D4-E5F6-7890-ABCD-EF1234567890}.Debug|x64.ActiveCfg = Debug|Any CPU
		{A1B2C3D4-E5F6-7890-ABCD-EF1234567890}.Debug|x64.Build.0 = Debug|Any CPU
		{A1B2C3D4-E5F6-7890-ABCD-EF1234567890}.Debug|x86.ActiveCfg = Debug|Any CPU
		{A1B2C3D4-E5F6-7890-ABCD-EF1234567890}.Debug|x86.Build.0 = Debug|Any CPU
		{A1B2C3D4-E5F6-7890-ABCD-EF1234567890}.Release|Any CPU.ActiveCfg = Release|Any CPU
		{A1B2C3D4-E5F6-7890-ABCD-EF1234567890}.Release|Any CPU.Build.0 = Release|Any CPU
		{A1B2C3D4-E5F6-7890-ABCD-EF1234567890}.Release|x64.ActiveCfg = Release|Any CPU
		{A1B2C3D4-E5F6-7890-ABCD-EF1234567890}.Release|x64.Build.0 = Release|Any CPU
		{A1B2C3D4-E5F6-7890-ABCD-EF1234567890}.Release|x86.ActiveCfg = Release|Any CPU
		{A1B2C3D4-E5F6-7890-ABCD-EF1234567890}.Release|x86.Build.0 = Release|Any CPU
		{61B17659-3D32-D64B-F385-53A916489C12}.Debug|x64.ActiveCfg = Debug|Any CPU
		{61B17659-3D32-D64B-F385-53A916489C12}.Debug|x64.Build.0 = Debug|Any CPU
		{61B17659-3D32-D64B-F385-53A916489C12}.Debug|x86.ActiveCfg = Debug|Any CPU
		{61B17659-3D32-D64B-F385-53A916489C12}.Debug|x86.Build.0 = Debug|Any CPU
		{61B17659-3D32-D64B-F385-53A916489C12}.Release|x64.ActiveCfg = Release|Any CPU
		{61B17659-3D32-D64B-F385-53A916489C12}.Release|x64.Build.0 = Release|Any CPU
		{61B17659-3D32-D64B-F385-53A916489C12}.Release|x86.ActiveCfg = Release|Any CPU
		{61B17659-3D32-D64B-F385-53A916489C12}.Release|x86.Build.0 = Release|Any CPU
		{974F5CFA-0DBD-7FA8-3FD2-78690F2F3ABA}.Debug|x64.ActiveCfg = Debug|Any CPU
		{974F5CFA-0DBD-7FA8-3FD2-78690F2F3ABA}.Debug|x64.Build.0 = Debug|Any CPU
		{974F5CFA-0DBD-7FA8-3FD2-78690F2F3ABA}.Debug|x86.ActiveCfg = Debug|Any CPU
		{974F5CFA-0DBD-7FA8-3FD2-78690F2F3ABA}.Debug|x86.Build.0 = Debug|Any CPU
		{974F5CFA-0DBD-7FA8-3FD2-78690F2F3ABA}.Release|x64.ActiveCfg = Release|Any CPU
		{974F5CFA-0DBD-7FA8-3FD2-78690F2F3ABA}.Release|x64.Build.0 = Release|Any CPU
		{974F5CFA-0DBD-7FA8-3FD2-78690F2F3ABA}.Release|x86.ActiveCfg = Release|Any CPU
		{974F5CFA-0DBD-7FA8-3FD2-78690F2F3ABA}.Release|x86.Build.0 = Release|Any CPU
		{B6C0A322-C404-4F3A-BA9C-7B917BED85C5}.Debug|Any CPU.ActiveCfg = Debug|Any CPU
		{B6C0A322-C404-4F3A-BA9C-7B917BED85C5}.Debug|Any CPU.Build.0 = Debug|Any CPU
		{B6C0A322-C404-4F3A-BA9C-7B917BED85C5}.Debug|x64.ActiveCfg = Debug|Any CPU
		{B6C0A322-C404-4F3A-BA9C-7B917BED85C5}.Debug|x64.Build.0 = Debug|Any CPU
		{B6C0A322-C404-4F3A-BA9C-7B917BED85C5}.Debug|x86.ActiveCfg = Debug|Any CPU
		{B6C0A322-C404-4F3A-BA9C-7B917BED85C5}.Debug|x86.Build.0 = Debug|Any CPU
		{B6C0A322-C404-4F3A-BA9C-7B917BED85C5}.Release|Any CPU.ActiveCfg = Release|Any CPU
		{B6C0A322-C404-4F3A-BA9C-7B917BED85C5}.Release|Any CPU.Build.0 = Release|Any CPU
		{B6C0A322-C404-4F3A-BA9C-7B917BED85C5}.Release|x64.ActiveCfg = Release|Any CPU
		{B6C0A322-C404-4F3A-BA9C-7B917BED85C5}.Release|x64.Build.0 = Release|Any CPU
		{B6C0A322-C404-4F3A-BA9C-7B917BED85C5}.Release|x86.ActiveCfg = Release|Any CPU
		{B6C0A322-C404-4F3A-BA9C-7B917BED85C5}.Release|x86.Build.0 = Release|Any CPU
	EndGlobalSection
	GlobalSection(SolutionProperties) = preSolution
		HideSolutionNode = FALSE
	EndGlobalSection
	GlobalSection(NestedProjects) = preSolution
		{B6C0A322-C404-4F3A-BA9C-7B917BED85C5} = {827E0CD3-B72D-47B6-A68D-7590B98EB39B}
	EndGlobalSection
	GlobalSection(ExtensibilityGlobals) = postSolution
		SolutionGuid = {12345678-1234-1234-1234-123456789012}
	EndGlobalSection
EndGlobal
